
Microsoft Visual Studio Solution File, Format Version 12.00
# Visual Studio Version 17
VisualStudioVersion = 17.0.32112.339
MinimumVisualStudioVersion = 10.0.40219.1
Project("{FAE04EC0-301F-11D3-BF4B-00C04F79EFBC}") = "Snake", "Snake\Snake.csproj", "{DED12167-DC39-444E-A030-E929889F376A}"
EndProject
Global
	GlobalSection(SolutionConfigurationPlatforms) = preSolution
		Debug|Any CPU = Debug|Any CPU
		Release|Any CPU = Release|Any CPU
	EndGlobalSection
	GlobalSection(ProjectConfigurationPlatforms) = postSolution
		{DED12167-DC39-444E-A030-E929889F376A}.Debug|Any CPU.ActiveCfg = Debug|Any CPU
		{DED12167-DC39-444E-A030-E929889F376A}.Debug|Any CPU.Build.0 = Debug|Any CPU
		{DED12167-DC39-444E-A030-E929889F376A}.Release|Any CPU.ActiveCfg = Release|Any CPU
		{DED12167-DC39-444E-A030-E929889F376A}.Release|Any CPU.Build.0 = Release|Any CPU
	EndGlobalSection
	GlobalSection(SolutionProperties) = preSolution
		HideSolutionNode = FALSE
	EndGlobalSection
	GlobalSection(ExtensibilityGlobals) = postSolution
		SolutionGuid = {52AE20D6-F866-445F-BCAC-512D9FAB67E0}
	EndGlobalSection
EndGlobal
